
Microsoft Visual Studio Solution File, Format Version 12.00
# Visual Studio Version 17
VisualStudioVersion = 17.3.32901.215
MinimumVisualStudioVersion = 10.0.40219.1
Project("{FAE04EC0-301F-11D3-BF4B-00C04F79EFBC}") = "RafaGomezGuillenExamen", "RafaGomezGuillenExamen\RafaGomezGuillenExamen.csproj", "{B1283EDF-BC82-4F94-ABA6-92E57DD18931}"
EndProject
Global
	GlobalSection(SolutionConfigurationPlatforms) = preSolution
		Debug|Any CPU = Debug|Any CPU
		Release|Any CPU = Release|Any CPU
	EndGlobalSection
	GlobalSection(ProjectConfigurationPlatforms) = postSolution
		{B1283EDF-BC82-4F94-ABA6-92E57DD18931}.Debug|Any CPU.ActiveCfg = Debug|Any CPU
		{B1283EDF-BC82-4F94-ABA6-92E57DD18931}.Debug|Any CPU.Build.0 = Debug|Any CPU
		{B1283EDF-BC82-4F94-ABA6-92E57DD18931}.Release|Any CPU.ActiveCfg = Release|Any CPU
		{B1283EDF-BC82-4F94-ABA6-92E57DD18931}.Release|Any CPU.Build.0 = Release|Any CPU
	EndGlobalSection
	GlobalSection(SolutionProperties) = preSolution
		HideSolutionNode = FALSE
	EndGlobalSection
	GlobalSection(ExtensibilityGlobals) = postSolution
		SolutionGuid = {F7B7FF7A-07C6-4DE2-9985-E249835129C0}
	EndGlobalSection
EndGlobal
