
Microsoft Visual Studio Solution File, Format Version 12.00
# Visual Studio Version 17
VisualStudioVersion = 17.7.34031.279
MinimumVisualStudioVersion = 10.0.40219.1
Project("{FAE04EC0-301F-11D3-BF4B-00C04F79EFBC}") = "AUT02_02_GomezRafael_ModernFamily", "AUT02_02_GomezRafael_ModernFamily.csproj", "{BC1F9ECE-1CFC-42DF-98C4-C5B29BB18032}"
EndProject
Global
	GlobalSection(SolutionConfigurationPlatforms) = preSolution
		Debug|Any CPU = Debug|Any CPU
		Release|Any CPU = Release|Any CPU
	EndGlobalSection
	GlobalSection(ProjectConfigurationPlatforms) = postSolution
		{BC1F9ECE-1CFC-42DF-98C4-C5B29BB18032}.Debug|Any CPU.ActiveCfg = Debug|Any CPU
		{BC1F9ECE-1CFC-42DF-98C4-C5B29BB18032}.Debug|Any CPU.Build.0 = Debug|Any CPU
		{BC1F9ECE-1CFC-42DF-98C4-C5B29BB18032}.Release|Any CPU.ActiveCfg = Release|Any CPU
		{BC1F9ECE-1CFC-42DF-98C4-C5B29BB18032}.Release|Any CPU.Build.0 = Release|Any CPU
	EndGlobalSection
	GlobalSection(SolutionProperties) = preSolution
		HideSolutionNode = FALSE
	EndGlobalSection
	GlobalSection(ExtensibilityGlobals) = postSolution
		SolutionGuid = {C8B6258A-3029-40F6-9D24-48E83CC7EEBD}
	EndGlobalSection
EndGlobal
